
Microsoft Visual Studio Solution File, Format Version 12.00
# Visual Studio Version 17
VisualStudioVersion = 17.4.33403.182
MinimumVisualStudioVersion = 10.0.40219.1
Project("{9A19103F-16F7-4668-BE54-9A1E7A4F7556}") = "BroadcastManager2", "BroadcastManager2.csproj", "{92A1F2B9-5D37-4988-B64F-40E843349945}"
EndProject
Global
	GlobalSection(SolutionConfigurationPlatforms) = preSolution
		Debug|Any CPU = Debug|Any CPU
		Release|Any CPU = Release|Any CPU
	EndGlobalSection
	GlobalSection(ProjectConfigurationPlatforms) = postSolution
		{92A1F2B9-5D37-4988-B64F-40E843349945}.Debug|Any CPU.ActiveCfg = Debug|Any CPU
		{92A1F2B9-5D37-4988-B64F-40E843349945}.Debug|Any CPU.Build.0 = Debug|Any CPU
		{92A1F2B9-5D37-4988-B64F-40E843349945}.Release|Any CPU.ActiveCfg = Release|Any CPU
		{92A1F2B9-5D37-4988-B64F-40E843349945}.Release|Any CPU.Build.0 = Release|Any CPU
	EndGlobalSection
	GlobalSection(SolutionProperties) = preSolution
		HideSolutionNode = FALSE
	EndGlobalSection
	GlobalSection(ExtensibilityGlobals) = postSolution
		SolutionGuid = {2B9AB6F0-76EA-4423-BDFC-AC3C44BD2A8E}
	EndGlobalSection
EndGlobal
